// !$*UTF8*$!
{
	archiveVersion = 1;
	classes = {
	};
	objectVersion = 46;
	objects = {

/* Begin PBXBuildFile section */
		D82855741AF4D71D0014C3C0 /* main.m in Sources */ = {isa = PBXBuildFile; fileRef = D82855731AF4D71D0014C3C0 /* main.m */; };
		D82855771AF4D71D0014C3C0 /* AppDelegate.m in Sources */ = {isa = PBXBuildFile; fileRef = D82855761AF4D71D0014C3C0 /* AppDelegate.m */; };
		D828557A1AF4D71D0014C3C0 /* ViewController.m in Sources */ = {isa = PBXBuildFile; fileRef = D82855791AF4D71D0014C3C0 /* ViewController.m */; };
		D828557D1AF4D71D0014C3C0 /* Main.storyboard in Resources */ = {isa = PBXBuildFile; fileRef = D828557B1AF4D71D0014C3C0 /* Main.storyboard */; };
		D828557F1AF4D71D0014C3C0 /* Images.xcassets in Resources */ = {isa = PBXBuildFile; fileRef = D828557E1AF4D71D0014C3C0 /* Images.xcassets */; };
		D82855821AF4D71D0014C3C0 /* LaunchScreen.xib in Resources */ = {isa = PBXBuildFile; fileRef = D82855801AF4D71D0014C3C0 /* LaunchScreen.xib */; };
		D828558E1AF4D71D0014C3C0 /* GCDTestTests.m in Sources */ = {isa = PBXBuildFile; fileRef = D828558D1AF4D71D0014C3C0 /* GCDTestTests.m */; };
		D82855981AF4F9B40014C3C0 /* ball.js in Resources */ = {isa = PBXBuildFile; fileRef = D82855971AF4F9B40014C3C0 /* ball.js */; };
/* End PBXBuildFile section */

/* Begin PBXContainerItemProxy section */
		D82855881AF4D71D0014C3C0 /* PBXContainerItemProxy */ = {
			isa = PBXContainerItemProxy;
			containerPortal = D82855661AF4D71C0014C3C0 /* Project object */;
			proxyType = 1;
			remoteGlobalIDString = D828556D1AF4D71C0014C3C0;
			remoteInfo = GCDTest;
		};
/* End PBXContainerItemProxy section */

/* Begin PBXFileReference section */
		D828556E1AF4D71C0014C3C0 /* GCDTest.app */ = {isa = PBXFileReference; explicitFileType = wrapper.application; includeInIndex = 0; path = GCDTest.app; sourceTree = BUILT_PRODUCTS_DIR; };
		D82855721AF4D71D0014C3C0 /* Info.plist */ = {isa = PBXFileReference; lastKnownFileType = text.plist.xml; path = Info.plist; sourceTree = "<group>"; };
		D82855731AF4D71D0014C3C0 /* main.m */ = {isa = PBXFileReference; lastKnownFileType = sourcecode.c.objc; path = main.m; sourceTree = "<group>"; };
		D82855751AF4D71D0014C3C0 /* AppDelegate.h */ = {isa = PBXFileReference; lastKnownFileType = sourcecode.c.h; path = AppDelegate.h; sourceTree = "<group>"; };
		D82855761AF4D71D0014C3C0 /* AppDelegate.m */ = {isa = PBXFileReference; lastKnownFileType = sourcecode.c.objc; path = AppDelegate.m; sourceTree = "<group>"; };
		D82855781AF4D71D0014C3C0 /* ViewController.h */ = {isa = PBXFileReference; lastKnownFileType = sourcecode.c.h; path = ViewController.h; sourceTree = "<group>"; };
		D82855791AF4D71D0014C3C0 /* ViewController.m */ = {isa = PBXFileReference; lastKnownFileType = sourcecode.c.objc; path = ViewController.m; sourceTree = "<group>"; };
		D828557C1AF4D71D0014C3C0 /* Base */ = {isa = PBXFileReference; lastKnownFileType = file.storyboard; name = Base; path = Base.lproj/Main.storyboard; sourceTree = "<group>"; };
		D828557E1AF4D71D0014C3C0 /* Images.xcassets */ = {isa = PBXFileReference; lastKnownFileType = folder.assetcatalog; path = Images.xcassets; sourceTree = "<group>"; };
		D82855811AF4D71D0014C3C0 /* Base */ = {isa = PBXFileReference; lastKnownFileType = file.xib; name = Base; path = Base.lproj/LaunchScreen.xib; sourceTree = "<group>"; };
		D82855871AF4D71D0014C3C0 /* GCDTestTests.xctest */ = {isa = PBXFileReference; explicitFileType = wrapper.cfbundle; includeInIndex = 0; path = GCDTestTests.xctest; sourceTree = BUILT_PRODUCTS_DIR; };
		D828558C1AF4D71D0014C3C0 /* Info.plist */ = {isa = PBXFileReference; lastKnownFileType = text.plist.xml; path = Info.plist; sourceTree = "<group>"; };
		D828558D1AF4D71D0014C3C0 /* GCDTestTests.m */ = {isa = PBXFileReference; lastKnownFileType = sourcecode.c.objc; path = GCDTestTests.m; sourceTree = "<group>"; };
		D82855971AF4F9B40014C3C0 /* ball.js */ = {isa = PBXFileReference; fileEncoding = 4; lastKnownFileType = sourcecode.javascript; path = ball.js; sourceTree = "<group>"; };
/* End PBXFileReference section */

/* Begin PBXFrameworksBuildPhase section */
		D828556B1AF4D71C0014C3C0 /* Frameworks */ = {
			isa = PBXFrameworksBuildPhase;
			buildActionMask = 2147483647;
			files = (
			);
			runOnlyForDeploymentPostprocessing = 0;
		};
		D82855841AF4D71D0014C3C0 /* Frameworks */ = {
			isa = PBXFrameworksBuildPhase;
			buildActionMask = 2147483647;
			files = (
			);
			runOnlyForDeploymentPostprocessing = 0;
		};
/* End PBXFrameworksBuildPhase section */

/* Begin PBXGroup section */
		D82855651AF4D71C0014C3C0 = {
			isa = PBXGroup;
			children = (
				D82855701AF4D71C0014C3C0 /* GCDTest */,
				D828558A1AF4D71D0014C3C0 /* GCDTestTests */,
				D828556F1AF4D71C0014C3C0 /* Products */,
			);
			sourceTree = "<group>";
		};
		D828556F1AF4D71C0014C3C0 /* Products */ = {
			isa = PBXGroup;
			children = (
				D828556E1AF4D71C0014C3C0 /* GCDTest.app */,
				D82855871AF4D71D0014C3C0 /* GCDTestTests.xctest */,
			);
			name = Products;
			sourceTree = "<group>";
		};
		D82855701AF4D71C0014C3C0 /* GCDTest */ = {
			isa = PBXGroup;
			children = (
				D82855971AF4F9B40014C3C0 /* ball.js */,
				D82855751AF4D71D0014C3C0 /* AppDelegate.h */,
				D82855761AF4D71D0014C3C0 /* AppDelegate.m */,
				D82855781AF4D71D0014C3C0 /* ViewController.h */,
				D82855791AF4D71D0014C3C0 /* ViewController.m */,
				D828557B1AF4D71D0014C3C0 /* Main.storyboard */,
				D828557E1AF4D71D0014C3C0 /* Images.xcassets */,
				D82855801AF4D71D0014C3C0 /* LaunchScreen.xib */,
				D82855711AF4D71D0014C3C0 /* Supporting Files */,
			);
			path = GCDTest;
			sourceTree = "<group>";
		};
		D82855711AF4D71D0014C3C0 /* Supporting Files */ = {
			isa = PBXGroup;
			children = (
				D82855721AF4D71D0014C3C0 /* Info.plist */,
				D82855731AF4D71D0014C3C0 /* main.m */,
			);
			name = "Supporting Files";
			sourceTree = "<group>";
		};
		D828558A1AF4D71D0014C3C0 /* GCDTestTests */ = {
			isa = PBXGroup;
			children = (
				D828558D1AF4D71D0014C3C0 /* GCDTestTests.m */,
				D828558B1AF4D71D0014C3C0 /* Supporting Files */,
			);
			path = GCDTestTests;
			sourceTree = "<group>";
		};
		D828558B1AF4D71D0014C3C0 /* Supporting Files */ = {
			isa = PBXGroup;
			children = (
				D828558C1AF4D71D0014C3C0 /* Info.plist */,
			);
			name = "Supporting Files";
			sourceTree = "<group>";
		};
/* End PBXGroup section */

/* Begin PBXNativeTarget section */
		D828556D1AF4D71C0014C3C0 /* GCDTest */ = {
			isa = PBXNativeTarget;
			buildConfigurationList = D82855911AF4D71D0014C3C0 /* Build configuration list for PBXNativeTarget "GCDTest" */;
			buildPhases = (
				D828556A1AF4D71C0014C3C0 /* Sources */,
				D828556B1AF4D71C0014C3C0 /* Frameworks */,
				D828556C1AF4D71C0014C3C0 /* Resources */,
			);
			buildRules = (
			);
			dependencies = (
			);
			name = GCDTest;
			productName = GCDTest;
			productReference = D828556E1AF4D71C0014C3C0 /* GCDTest.app */;
			productType = "com.apple.product-type.application";
		};
		D82855861AF4D71D0014C3C0 /* GCDTestTests */ = {
			isa = PBXNativeTarget;
			buildConfigurationList = D82855941AF4D71D0014C3C0 /* Build configuration list for PBXNativeTarget "GCDTestTests" */;
			buildPhases = (
				D82855831AF4D71D0014C3C0 /* Sources */,
				D82855841AF4D71D0014C3C0 /* Frameworks */,
				D82855851AF4D71D0014C3C0 /* Resources */,
			);
			buildRules = (
			);
			dependencies = (
				D82855891AF4D71D0014C3C0 /* PBXTargetDependency */,
			);
			name = GCDTestTests;
			productName = GCDTestTests;
			productReference = D82855871AF4D71D0014C3C0 /* GCDTestTests.xctest */;
			productType = "com.apple.product-type.bundle.unit-test";
		};
/* End PBXNativeTarget section */

/* Begin PBXProject section */
		D82855661AF4D71C0014C3C0 /* Project object */ = {
			isa = PBXProject;
			attributes = {
				LastUpgradeCheck = 0630;
				ORGANIZATIONNAME = spriteapp;
				TargetAttributes = {
					D828556D1AF4D71C0014C3C0 = {
						CreatedOnToolsVersion = 6.3;
					};
					D82855861AF4D71D0014C3C0 = {
						CreatedOnToolsVersion = 6.3;
						TestTargetID = D828556D1AF4D71C0014C3C0;
					};
				};
			};
			buildConfigurationList = D82855691AF4D71C0014C3C0 /* Build configuration list for PBXProject "GCDTest" */;
			compatibilityVersion = "Xcode 3.2";
			developmentRegion = English;
			hasScannedForEncodings = 0;
			knownRegions = (
				en,
				Base,
			);
			mainGroup = D82855651AF4D71C0014C3C0;
			productRefGroup = D828556F1AF4D71C0014C3C0 /* Products */;
			projectDirPath = "";
			projectRoot = "";
			targets = (
				D828556D1AF4D71C0014C3C0 /* GCDTest */,
				D82855861AF4D71D0014C3C0 /* GCDTestTests */,
			);
		};
/* End PBXProject section */

/* Begin PBXResourcesBuildPhase section */
		D828556C1AF4D71C0014C3C0 /* Resources */ = {
			isa = PBXResourcesBuildPhase;
			buildActionMask = 2147483647;
			files = (
				D828557D1AF4D71D0014C3C0 /* Main.storyboard in Resources */,
				D82855981AF4F9B40014C3C0 /* ball.js in Resources */,
				D82855821AF4D71D0014C3C0 /* LaunchScreen.xib in Resources */,
				D828557F1AF4D71D0014C3C0 /* Images.xcassets in Resources */,
			);
			runOnlyForDeploymentPostprocessing = 0;
		};
		D82855851AF4D71D0014C3C0 /* Resources */ = {
			isa = PBXResourcesBuildPhase;
			buildActionMask = 2147483647;
			files = (
			);
			runOnlyForDeploymentPostprocessing = 0;
		};
/* End PBXResourcesBuildPhase section */

/* Begin PBXSourcesBuildPhase section */
		D828556A1AF4D71C0014C3C0 /* Sources */ = {
			isa = PBXSourcesBuildPhase;
			buildActionMask = 2147483647;
			files = (
				D828557A1AF4D71D0014C3C0 /* ViewController.m in Sources */,
				D82855771AF4D71D0014C3C0 /* AppDelegate.m in Sources */,
				D82855741AF4D71D0014C3C0 /* main.m in Sources */,
			);
			runOnlyForDeploymentPostprocessing = 0;
		};
		D82855831AF4D71D0014C3C0 /* Sources */ = {
			isa = PBXSourcesBuildPhase;
			buildActionMask = 2147483647;
			files = (
				D828558E1AF4D71D0014C3C0 /* GCDTestTests.m in Sources */,
			);
			runOnlyForDeploymentPostprocessing = 0;
		};
/* End PBXSourcesBuildPhase section */

/* Begin PBXTargetDependency section */
		D82855891AF4D71D0014C3C0 /* PBXTargetDependency */ = {
			isa = PBXTargetDependency;
			target = D828556D1AF4D71C0014C3C0 /* GCDTest */;
			targetProxy = D82855881AF4D71D0014C3C0 /* PBXContainerItemProxy */;
		};
/* End PBXTargetDependency section */

/* Begin PBXVariantGroup section */
		D828557B1AF4D71D0014C3C0 /* Main.storyboard */ = {
			isa = PBXVariantGroup;
			children = (
				D828557C1AF4D71D0014C3C0 /* Base */,
			);
			name = Main.storyboard;
			sourceTree = "<group>";
		};
		D82855801AF4D71D0014C3C0 /* LaunchScreen.xib */ = {
			isa = PBXVariantGroup;
			children = (
				D82855811AF4D71D0014C3C0 /* Base */,
			);
			name = LaunchScreen.xib;
			sourceTree = "<group>";
		};
/* End PBXVariantGroup section */

/* Begin XCBuildConfiguration section */
		D828558F1AF4D71D0014C3C0 /* Debug */ = {
			isa = XCBuildConfiguration;
			buildSettings = {
				ALWAYS_SEARCH_USER_PATHS = NO;
				CLANG_CXX_LANGUAGE_STANDARD = "gnu++0x";
				CLANG_CXX_LIBRARY = "libc++";
				CLANG_ENABLE_MODULES = YES;
				CLANG_ENABLE_OBJC_ARC = YES;
				CLANG_WARN_BOOL_CONVERSION = YES;
				CLANG_WARN_CONSTANT_CONVERSION = YES;
				CLANG_WARN_DIRECT_OBJC_ISA_USAGE = YES_ERROR;
				CLANG_WARN_EMPTY_BODY = YES;
				CLANG_WARN_ENUM_CONVERSION = YES;
				CLANG_WARN_INT_CONVERSION = YES;
				CLANG_WARN_OBJC_ROOT_CLASS = YES_ERROR;
				CLANG_WARN_UNREACHABLE_CODE = YES;
				CLANG_WARN__DUPLICATE_METHOD_MATCH = YES;
				"CODE_SIGN_IDENTITY[sdk=iphoneos*]" = "iPhone Developer";
				COPY_PHASE_STRIP = NO;
				DEBUG_INFORMATION_FORMAT = "dwarf-with-dsym";
				ENABLE_STRICT_OBJC_MSGSEND = YES;
				GCC_C_LANGUAGE_STANDARD = gnu99;
				GCC_DYNAMIC_NO_PIC = NO;
				GCC_NO_COMMON_BLOCKS = YES;
				GCC_OPTIMIZATION_LEVEL = 0;
				GCC_PREPROCESSOR_DEFINITIONS = (
					"DEBUG=1",
					"$(inherited)",
				);
				GCC_SYMBOLS_PRIVATE_EXTERN = NO;
				GCC_WARN_64_TO_32_BIT_CONVERSION = YES;
				GCC_WARN_ABOUT_RETURN_TYPE = YES_ERROR;
				GCC_WARN_UNDECLARED_SELECTOR = YES;
				GCC_WARN_UNINITIALIZED_AUTOS = YES_AGGRESSIVE;
				GCC_WARN_UNUSED_FUNCTION = YES;
				GCC_WARN_UNUSED_VARIABLE = YES;
				IPHONEOS_DEPLOYMENT_TARGET = 8.3;
				MTL_ENABLE_DEBUG_INFO = YES;
				ONLY_ACTIVE_ARCH = YES;
				SDKROOT = iphoneos;
			};
			name = Debug;
		};
		D82855901AF4D71D0014C3C0 /* Release */ = {
			isa = XCBuildConfiguration;
			buildSettings = {
				ALWAYS_SEARCH_USER_PATHS = NO;
				CLANG_CXX_LANGUAGE_STANDARD = "gnu++0x";
				CLANG_CXX_LIBRARY = "libc++";
				CLANG_ENABLE_MODULES = YES;
				CLANG_ENABLE_OBJC_ARC = YES;
				CLANG_WARN_BOOL_CONVERSION = YES;
				CLANG_WARN_CONSTANT_CONVERSION = YES;
				CLANG_WARN_DIRECT_OBJC_ISA_USAGE = YES_ERROR;
				CLANG_WARN_EMPTY_BODY = YES;
				CLANG_WARN_ENUM_CONVERSION = YES;
				CLANG_WARN_INT_CONVERSION = YES;
				CLANG_WARN_OBJC_ROOT_CLASS = YES_ERROR;
				CLANG_WARN_UNREACHABLE_CODE = YES;
				CLANG_WARN__DUPLICATE_METHOD_MATCH = YES;
				"CODE_SIGN_IDENTITY[sdk=iphoneos*]" = "iPhone Developer";
				COPY_PHASE_STRIP = NO;
				DEBUG_INFORMATION_FORMAT = "dwarf-with-dsym";
				ENABLE_NS_ASSERTIONS = NO;
				ENABLE_STRICT_OBJC_MSGSEND = YES;
				GCC_C_LANGUAGE_STANDARD = gnu99;
				GCC_NO_COMMON_BLOCKS = YES;
				GCC_WARN_64_TO_32_BIT_CONVERSION = YES;
				GCC_WARN_ABOUT_RETURN_TYPE = YES_ERROR;
				GCC_WARN_UNDECLARED_SELECTOR = YES;
				GCC_WARN_UNINITIALIZED_AUTOS = YES_AGGRESSIVE;
				GCC_WARN_UNUSED_FUNCTION = YES;
				GCC_WARN_UNUSED_VARIABLE = YES;
				IPHONEOS_DEPLOYMENT_TARGET = 8.3;
				MTL_ENABLE_DEBUG_INFO = NO;
				SDKROOT = iphoneos;
				VALIDATE_PRODUCT = YES;
			};
			name = Release;
		};
		D82855921AF4D71D0014C3C0 /* Debug */ = {
			isa = XCBuildConfiguration;
			buildSettings = {
				ASSETCATALOG_COMPILER_APPICON_NAME = AppIcon;
				INFOPLIST_FILE = GCDTest/Info.plist;
				LD_RUNPATH_SEARCH_PATHS = "$(inherited) @executable_path/Frameworks";
				PRODUCT_NAME = "$(TARGET_NAME)";
			};
			name = Debug;
		};
		D82855931AF4D71D0014C3C0 /* Release */ = {
			isa = XCBuildConfiguration;
			buildSettings = {
				ASSETCATALOG_COMPILER_APPICON_NAME = AppIcon;
				INFOPLIST_FILE = GCDTest/Info.plist;
				LD_RUNPATH_SEARCH_PATHS = "$(inherited) @executable_path/Frameworks";
				PRODUCT_NAME = "$(TARGET_NAME)";
			};
			name = Release;
		};
		D82855951AF4D71D0014C3C0 /* Debug */ = {
			isa = XCBuildConfiguration;
			buildSettings = {
				BUNDLE_LOADER = "$(TEST_HOST)";
				FRAMEWORK_SEARCH_PATHS = (
					"$(SDKROOT)/Developer/Library/Frameworks",
					"$(inherited)",
				);
				GCC_PREPROCESSOR_DEFINITIONS = (
					"DEBUG=1",
					"$(inherited)",
				);
				INFOPLIST_FILE = GCDTestTests/Info.plist;
				LD_RUNPATH_SEARCH_PATHS = "$(inherited) @executable_path/Frameworks @loader_path/Frameworks";
				PRODUCT_NAME = "$(TARGET_NAME)";
				TEST_HOST = "$(BUILT_PRODUCTS_DIR)/GCDTest.app/GCDTest";
			};
			name = Debug;
		};
		D82855961AF4D71D0014C3C0 /* Release */ = {
			isa = XCBuildConfiguration;
			buildSettings = {
				BUNDLE_LOADER = "$(TEST_HOST)";
				FRAMEWORK_SEARCH_PATHS = (
					"$(SDKROOT)/Developer/Library/Frameworks",
					"$(inherited)",
				);
				INFOPLIST_FILE = GCDTestTests/Info.plist;
				LD_RUNPATH_SEARCH_PATHS = "$(inherited) @executable_path/Frameworks @loader_path/Frameworks";
				PRODUCT_NAME = "$(TARGET_NAME)";
				TEST_HOST = "$(BUILT_PRODUCTS_DIR)/GCDTest.app/GCDTest";
			};
			name = Release;
		};
/* End XCBuildConfiguration section */

/* Begin XCConfigurationList section */
		D82855691AF4D71C0014C3C0 /* Build configuration list for PBXProject "GCDTest" */ = {
			isa = XCConfigurationList;
			buildConfigurations = (
				D828558F1AF4D71D0014C3C0 /* Debug */,
				D82855901AF4D71D0014C3C0 /* Release */,
			);
			defaultConfigurationIsVisible = 0;
			defaultConfigurationName = Release;
		};
		D82855911AF4D71D0014C3C0 /* Build configuration list for PBXNativeTarget "GCDTest" */ = {
			isa = XCConfigurationList;
			buildConfigurations = (
				D82855921AF4D71D0014C3C0 /* Debug */,
				D82855931AF4D71D0014C3C0 /* Release */,
			);
			defaultConfigurationIsVisible = 0;
			defaultConfigurationName = Release;
		};
		D82855941AF4D71D0014C3C0 /* Build configuration list for PBXNativeTarget "GCDTestTests" */ = {
			isa = XCConfigurationList;
			buildConfigurations = (
				D82855951AF4D71D0014C3C0 /* Debug */,
				D82855961AF4D71D0014C3C0 /* Release */,
			);
			defaultConfigurationIsVisible = 0;
			defaultConfigurationName = Release;
		};
/* End XCConfigurationList section */
	};
	rootObject = D82855661AF4D71C0014C3C0 /* Project object */;
}
